
Microsoft Visual Studio Solution File, Format Version 12.00
# Visual Studio Version 16
VisualStudioVersion = 16.0.30907.101
MinimumVisualStudioVersion = 10.0.40219.1
Project("{FAE04EC0-301F-11D3-BF4B-00C04F79EFBC}") = "TeuCarRepairMgtSys", "TeuCarRepairMgtSys\TeuCarRepairMgtSys.csproj", "{BA38659E-ED87-471C-8C84-ED56A398A419}"
EndProject
Global
	GlobalSection(SolutionConfigurationPlatforms) = preSolution
		Debug|Any CPU = Debug|Any CPU
		Release|Any CPU = Release|Any CPU
	EndGlobalSection
	GlobalSection(ProjectConfigurationPlatforms) = postSolution
		{BA38659E-ED87-471C-8C84-ED56A398A419}.Debug|Any CPU.ActiveCfg = Debug|Any CPU
		{BA38659E-ED87-471C-8C84-ED56A398A419}.Debug|Any CPU.Build.0 = Debug|Any CPU
		{BA38659E-ED87-471C-8C84-ED56A398A419}.Release|Any CPU.ActiveCfg = Release|Any CPU
		{BA38659E-ED87-471C-8C84-ED56A398A419}.Release|Any CPU.Build.0 = Release|Any CPU
	EndGlobalSection
	GlobalSection(SolutionProperties) = preSolution
		HideSolutionNode = FALSE
	EndGlobalSection
	GlobalSection(ExtensibilityGlobals) = postSolution
		SolutionGuid = {1186D553-340D-4ED4-A127-1092A0730916}
	EndGlobalSection
EndGlobal
